{
  "lockfileVersion": 1,
  "workspaces": {
    "": {
      "dependencies": {
        "oxc-minify": "^0.75.1",
      },
      "devDependencies": {
        "vitepress": "^2.0.0-alpha.11",
        "vitepress-plugin-lightbox": "^1.0.2",
      },
    },
  },
  "overrides": {
    "vite": "npm:rolldown-vite@latest",
  },
  "packages": {
    "@babel/helper-string-parser": ["@babel/helper-string-parser@7.27.1", "", {}, "sha512-qMlSxKbpRlAridDExk92nSobyDdpPijUq2DW6oDnUqd0iOGxmQjyqhMIihI9+zv4LPyZdRje2cavWPbCbWm3eA=="],

    "@babel/helper-validator-identifier": ["@babel/helper-validator-identifier@7.27.1", "", {}, "sha512-D2hP9eA+Sqx1kBZgzxZh0y1trbuU+JoDkiEwqhQ36nodYqJwyEIhPSdMNd7lOm/4io72luTPWH20Yda0xOuUow=="],

    "@babel/parser": ["@babel/parser@7.28.0", "", { "dependencies": { "@babel/types": "^7.28.0" }, "bin": { "parser": "bin/babel-parser.js" } }, "sha512-jVZGvOxOuNSsuQuLRTh13nU0AogFlw32w/MT+LV6D3sP5WdbW61E77RnkbaO2dUvmPAYrBDJXGn5gGS6tH4j8g=="],

    "@babel/types": ["@babel/types@7.28.1", "", { "dependencies": { "@babel/helper-string-parser": "^7.27.1", "@babel/helper-validator-identifier": "^7.27.1" } }, "sha512-x0LvFTekgSX+83TI28Y9wYPUfzrnl2aT5+5QLnO6v7mSJYtEEevuDRN0F0uSHRk1G1IWZC43o00Y0xDDrpBGPQ=="],

    "@docsearch/css": ["@docsearch/css@4.0.0-beta.7", "", {}, "sha512-hBIwf14yLasrUcDNS7jrneM1ibFD/JFJVDjdxd1h/LUHx7eyLrS726pKHVr3cTdToNXP/7jrTbnC1MAuDHPoow=="],

    "@docsearch/js": ["@docsearch/js@4.0.0-beta.7", "", {}, "sha512-0RJALbDpLMuFy3H/26rjms/qwi5KjsGMN8Lu4k/bs6kBfOWHUN6Dzg/ybj8qB2OLdT2UegsavRIDZKW3QrzQ4Q=="],

    "@emnapi/core": ["@emnapi/core@1.4.5", "", { "dependencies": { "@emnapi/wasi-threads": "1.0.4", "tslib": "^2.4.0" } }, "sha512-XsLw1dEOpkSX/WucdqUhPWP7hDxSvZiY+fsUC14h+FtQ2Ifni4znbBt8punRX+Uj2JG/uDb8nEHVKvrVlvdZ5Q=="],

    "@emnapi/runtime": ["@emnapi/runtime@1.4.5", "", { "dependencies": { "tslib": "^2.4.0" } }, "sha512-++LApOtY0pEEz1zrd9vy1/zXVaVJJ/EbAF3u0fXIzPJEDtnITsBGbbK0EkM72amhl/R5b+5xx0Y/QhcVOpuulg=="],

    "@emnapi/wasi-threads": ["@emnapi/wasi-threads@1.0.4", "", { "dependencies": { "tslib": "^2.4.0" } }, "sha512-PJR+bOmMOPH8AtcTGAyYNiuJ3/Fcoj2XN/gBEWzDIKh254XO+mM9XoXHk5GNEhodxeMznbg7BlRojVbKN+gC6g=="],

    "@iconify-json/simple-icons": ["@iconify-json/simple-icons@1.2.47", "", { "dependencies": { "@iconify/types": "*" } }, "sha512-wa/2O7G4sBmwSEWWLh5C+HeY00lVOoWYRKJOYQtk7lAbQrHUReD1ijiGOyTynV1YavxtNueL1CBA1UZmYJfOrQ=="],

    "@iconify/types": ["@iconify/types@2.0.0", "", {}, "sha512-+wluvCrRhXrhyOmRDJ3q8mux9JkKy5SJ/v8ol2tu4FVjyYvtEzkc/3pK15ET6RKg4b4w4BmTk1+gsCUhf21Ykg=="],

    "@jridgewell/sourcemap-codec": ["@jridgewell/sourcemap-codec@1.5.4", "", {}, "sha512-VT2+G1VQs/9oz078bLrYbecdZKs912zQlkelYpuf+SXF+QvZDYJlbx/LSx+meSAwdDFnF8FVXW92AVjjkVmgFw=="],

    "@napi-rs/wasm-runtime": ["@napi-rs/wasm-runtime@0.2.12", "", { "dependencies": { "@emnapi/core": "^1.4.3", "@emnapi/runtime": "^1.4.3", "@tybys/wasm-util": "^0.10.0" } }, "sha512-ZVWUcfwY4E/yPitQJl481FjFo3K22D6qF0DuFH6Y/nbnE11GY5uguDxZMGXPQ8WQ0128MXQD7TnfHyK4oWoIJQ=="],

    "@oxc-minify/binding-android-arm64": ["@oxc-minify/binding-android-arm64@0.75.1", "", { "os": "android", "cpu": "arm64" }, "sha512-YHJeCoDL/wqTu2HhB7ZgtoTvfhjxLyHgxVSxJz4q5MSypvJIbheJj9hqd3DQ6DSMPGYlVMvMQSfii+d35ysZGA=="],

    "@oxc-minify/binding-darwin-arm64": ["@oxc-minify/binding-darwin-arm64@0.75.1", "", { "os": "darwin", "cpu": "arm64" }, "sha512-LAEO2+f/ZC/e0H7j7Si66yLuzEyrXqfKMMVbsCbWkyrH2fIeaFjxXyLEH8x7bdsXWr8Cf+yiXyzMAg02QEz2/Q=="],

    "@oxc-minify/binding-darwin-x64": ["@oxc-minify/binding-darwin-x64@0.75.1", "", { "os": "darwin", "cpu": "x64" }, "sha512-Y0gYwEHNlHX9V3802c33Q/qHdPHrBI6MifU9u/cZBQhLxuJnITMgvlK3gWMzj7BHTR4HeQ+wbWCzo0Mx4sJ/1g=="],

    "@oxc-minify/binding-freebsd-x64": ["@oxc-minify/binding-freebsd-x64@0.75.1", "", { "os": "freebsd", "cpu": "x64" }, "sha512-HJWphC0wB2SSeDjQH0JvMc8tqMmrSnCZOih89dWoK3gaeXWnZMuWHwSwIIHos5lK2P8x0Ig9VQHm2Qb9qkicjQ=="],

    "@oxc-minify/binding-linux-arm-gnueabihf": ["@oxc-minify/binding-linux-arm-gnueabihf@0.75.1", "", { "os": "linux", "cpu": "arm" }, "sha512-pg61V3neHLy/a07xzcn2v7fwl7wdlA9xdgxhoqja+KnW2qt/6zQfoFXwqBIbaGNZZixn+r0K06+f6GHWwAv4AA=="],

    "@oxc-minify/binding-linux-arm-musleabihf": ["@oxc-minify/binding-linux-arm-musleabihf@0.75.1", "", { "os": "linux", "cpu": "arm" }, "sha512-caSZscVzFEo7dwdwmICIrPrCXOd3CD9ETkIkgKvMNGihQda1YSB5cCguDQ6+7kWpKJR+Kc+GTMcYm0zRbvXpBA=="],

    "@oxc-minify/binding-linux-arm64-gnu": ["@oxc-minify/binding-linux-arm64-gnu@0.75.1", "", { "os": "linux", "cpu": "arm64" }, "sha512-rEnomt3hDJdrSP4tKgZ+4scOeTtd7+R5HQeTXZ62N2EMkz2/LR4axgi+wdV3QzBwA5mwv6XWQm3gs/RE6M6aUg=="],

    "@oxc-minify/binding-linux-arm64-musl": ["@oxc-minify/binding-linux-arm64-musl@0.75.1", "", { "os": "linux", "cpu": "arm64" }, "sha512-TqnDz5jjLGevEzu5JYalIqx6Tm7/EJIQzx3IYOctFE9m8LS+VC2ZjsZl0AnUmTxO8EHamDoPy+ctfcWzr0HDtw=="],

    "@oxc-minify/binding-linux-riscv64-gnu": ["@oxc-minify/binding-linux-riscv64-gnu@0.75.1", "", { "os": "linux", "cpu": "none" }, "sha512-pNI9sLi4rww8N8cgABB6bMx6zy/FCWxxbZDHyMJRHtbOmQllbv99OXa3dbtN6wMLTC0MWsXA60Rc8f0Lfp5wSg=="],

    "@oxc-minify/binding-linux-s390x-gnu": ["@oxc-minify/binding-linux-s390x-gnu@0.75.1", "", { "os": "linux", "cpu": "s390x" }, "sha512-LuP3yWyoeWHMVgYDwZkasSZ7o2+FFzWNzWIUPw//0t5pyGpH49BROsl3cUUT5X28OiAsE8usNf2kuo1tt6K38g=="],

    "@oxc-minify/binding-linux-x64-gnu": ["@oxc-minify/binding-linux-x64-gnu@0.75.1", "", { "os": "linux", "cpu": "x64" }, "sha512-fCAXfQvwfgGvE8SNR82XIjMEuYc1hSXQMl1j4r6dkCGfRLlYpjEu3Uu11S5Mi7Qy7AsirnX84We2rzIpiFjZeA=="],

    "@oxc-minify/binding-linux-x64-musl": ["@oxc-minify/binding-linux-x64-musl@0.75.1", "", { "os": "linux", "cpu": "x64" }, "sha512-wKi9JbE/5s843yGjOlp5dknCUIOzMF6tNBrUA+OCeGhS1V6WJfyoJPNz/mkOmzNRBb6ajjjXlylgS7afvgAHrQ=="],

    "@oxc-minify/binding-wasm32-wasi": ["@oxc-minify/binding-wasm32-wasi@0.75.1", "", { "dependencies": { "@napi-rs/wasm-runtime": "^0.2.11" }, "cpu": "none" }, "sha512-Ln+dKjTNAncsmaefX9jaTFjGlKWCf1BOCRfHBd8T6BfFG27CCeQw2haoNF4rCu37VuSAIxb9b4eFAyc6yxnjRw=="],

    "@oxc-minify/binding-win32-arm64-msvc": ["@oxc-minify/binding-win32-arm64-msvc@0.75.1", "", { "os": "win32", "cpu": "arm64" }, "sha512-VV3rhvdIRJLeROsGizSkEOS6qu4g6PoYBQuL18JURtcKMpSX5Rjv9jRSj2EAiz73Lwtd7I3D79V6RKNTGAvmWg=="],

    "@oxc-minify/binding-win32-x64-msvc": ["@oxc-minify/binding-win32-x64-msvc@0.75.1", "", { "os": "win32", "cpu": "x64" }, "sha512-fVjwHPM9IKrkQK0eZAt6DgiTxH+8tyHMYxjcp7RPeIHOZSap/kCRLNFExFWvC+YP6TRSVpvXLF9AQXJCmxcNng=="],

    "@oxc-project/runtime": ["@oxc-project/runtime@0.81.0", "", {}, "sha512-zm/LDVOq9FEmHiuM8zO4DWirv0VP2Tv2VsgaiHby9nvpq+FVrcqNYgv+TysLKOITQXWZj/roluTxFvpkHP0Iuw=="],

    "@oxc-project/types": ["@oxc-project/types@0.81.0", "", {}, "sha512-CnOqkybZK8z6Gx7Wb1qF7AEnSzbol1WwcIzxYOr8e91LytGOjo0wCpgoYWZo8sdbpqX+X+TJayIzo4Pv0R/KjA=="],

    "@rolldown/binding-android-arm64": ["@rolldown/binding-android-arm64@1.0.0-beta.32", "", { "os": "android", "cpu": "arm64" }, "sha512-Gs+313LfR4Ka3hvifdag9r44WrdKQaohya7ZXUXzARF7yx0atzFlVZjsvxtKAw1Vmtr4hB/RjUD1jf73SW7zDw=="],

    "@rolldown/binding-darwin-arm64": ["@rolldown/binding-darwin-arm64@1.0.0-beta.32", "", { "os": "darwin", "cpu": "arm64" }, "sha512-W8oMqzGcI7wKPXUtS3WJNXzbghHfNiuM1UBAGpVb+XlUCgYRQJd2PRGP7D3WGql3rR3QEhUvSyAuCBAftPQw6Q=="],

    "@rolldown/binding-darwin-x64": ["@rolldown/binding-darwin-x64@1.0.0-beta.32", "", { "os": "darwin", "cpu": "x64" }, "sha512-pM4c4sKUk37noJrnnDkJknLhCsfZu7aWyfe67bD0GQHfzAPjV16wPeD9CmQg4/0vv+5IfHYaa4VE536xbA+W0Q=="],

    "@rolldown/binding-freebsd-x64": ["@rolldown/binding-freebsd-x64@1.0.0-beta.32", "", { "os": "freebsd", "cpu": "x64" }, "sha512-M8SUgFlYb5kJJWcFC8gUMRiX4WLFxPKMed3SJ2YrxontgIrEcpizPU8nLNVsRYEStoSfKHKExpQw3OP6fm+5bw=="],

    "@rolldown/binding-linux-arm-gnueabihf": ["@rolldown/binding-linux-arm-gnueabihf@1.0.0-beta.32", "", { "os": "linux", "cpu": "arm" }, "sha512-FuQpbNC/hE//bvv29PFnk0AtpJzdPdYl5CMhlWPovd9g3Kc3lw9TrEPIbL7gRPUdhKAiq6rVaaGvOnXxsa0eww=="],

    "@rolldown/binding-linux-arm64-gnu": ["@rolldown/binding-linux-arm64-gnu@1.0.0-beta.32", "", { "os": "linux", "cpu": "arm64" }, "sha512-hRZygRlaGCjcNTNY9GV7dDI18sG1dK3cc7ujHq72LoDad23zFDUGMQjiSxHWK+/r92iMV+j2MiHbvzayxqynsg=="],

    "@rolldown/binding-linux-arm64-musl": ["@rolldown/binding-linux-arm64-musl@1.0.0-beta.32", "", { "os": "linux", "cpu": "arm64" }, "sha512-HzgT6h+CXLs+GKAU0Wvkt3rvcv0CmDBsDjlPhh4GHysOKbG9NjpKYX2zvjx671E9pGbTvcPpwy7gGsy7xpu+8g=="],

    "@rolldown/binding-linux-x64-gnu": ["@rolldown/binding-linux-x64-gnu@1.0.0-beta.32", "", { "os": "linux", "cpu": "x64" }, "sha512-Ab/wbf6gdzphDbsg51UaxsC93foQ7wxhtg0SVCXd25BrV4MAJ1HoDtKN/f4h0maFmJobkqYub2DlmoasUzkvBg=="],

    "@rolldown/binding-linux-x64-musl": ["@rolldown/binding-linux-x64-musl@1.0.0-beta.32", "", { "os": "linux", "cpu": "x64" }, "sha512-VoxqGEfh5A1Yx+zBp/FR5QwAbtzbuvky2SVc+ii4g1gLD4zww6mt/hPi5zG+b88zYPFBKHpxMtsz9cWqXU5V5Q=="],

    "@rolldown/binding-openharmony-arm64": ["@rolldown/binding-openharmony-arm64@1.0.0-beta.32", "", { "os": "none", "cpu": "arm64" }, "sha512-qZ1ViyOUDGbiZrSAJ/FIAhYUElDfVxxFW6DLT/w4KeoZN3HsF4jmRP95mXtl51/oGrqzU9l9Q2f7/P4O/o2ZZA=="],

    "@rolldown/binding-wasm32-wasi": ["@rolldown/binding-wasm32-wasi@1.0.0-beta.32", "", { "dependencies": { "@napi-rs/wasm-runtime": "^1.0.3" }, "cpu": "none" }, "sha512-hEkG3wD+f3wytV0lqwb/uCrXc4r4Ny/DWJFJPfQR3VeMWplhWGgSHNwZc2Q7k86Yi36f9NNzzWmrIuvHI9lCVw=="],

    "@rolldown/binding-win32-arm64-msvc": ["@rolldown/binding-win32-arm64-msvc@1.0.0-beta.32", "", { "os": "win32", "cpu": "arm64" }, "sha512-k3MvDf8SiA7uP2ikP0unNouJ2YCrnwi7xcVW+RDgMp5YXVr3Xu6svmT3HGn0tkCKUuPmf+uy8I5uiHt5qWQbew=="],

    "@rolldown/binding-win32-ia32-msvc": ["@rolldown/binding-win32-ia32-msvc@1.0.0-beta.32", "", { "os": "win32", "cpu": "ia32" }, "sha512-wAi/FxGh7arDOUG45UmnXE1sZUa0hY4cXAO2qWAjFa3f7bTgz/BqwJ7XN5SUezvAJPNkME4fEpInfnBvM25a0w=="],

    "@rolldown/binding-win32-x64-msvc": ["@rolldown/binding-win32-x64-msvc@1.0.0-beta.32", "", { "os": "win32", "cpu": "x64" }, "sha512-Ej0i4PZk8ltblZtzVK8ouaGUacUtxRmTm5S9794mdyU/tYxXjAJNseOfxrnHpMWKjMDrOKbqkPqJ52T9NR4LQQ=="],

    "@rolldown/pluginutils": ["@rolldown/pluginutils@1.0.0-beta.29", "", {}, "sha512-NIJgOsMjbxAXvoGq/X0gD7VPMQ8j9g0BiDaNjVNVjvl+iKXxL3Jre0v31RmBYeLEmkbj2s02v8vFTbUXi5XS2Q=="],

    "@shikijs/core": ["@shikijs/core@3.9.2", "", { "dependencies": { "@shikijs/types": "3.9.2", "@shikijs/vscode-textmate": "^10.0.2", "@types/hast": "^3.0.4", "hast-util-to-html": "^9.0.5" } }, "sha512-3q/mzmw09B2B6PgFNeiaN8pkNOixWS726IHmJEpjDAcneDPMQmUg2cweT9cWXY4XcyQS3i6mOOUgQz9RRUP6HA=="],

    "@shikijs/engine-javascript": ["@shikijs/engine-javascript@3.9.2", "", { "dependencies": { "@shikijs/types": "3.9.2", "@shikijs/vscode-textmate": "^10.0.2", "oniguruma-to-es": "^4.3.3" } }, "sha512-kUTRVKPsB/28H5Ko6qEsyudBiWEDLst+Sfi+hwr59E0GLHV0h8RfgbQU7fdN5Lt9A8R1ulRiZyTvAizkROjwDA=="],

    "@shikijs/engine-oniguruma": ["@shikijs/engine-oniguruma@3.9.2", "", { "dependencies": { "@shikijs/types": "3.9.2", "@shikijs/vscode-textmate": "^10.0.2" } }, "sha512-Vn/w5oyQ6TUgTVDIC/BrpXwIlfK6V6kGWDVVz2eRkF2v13YoENUvaNwxMsQU/t6oCuZKzqp9vqtEtEzKl9VegA=="],

    "@shikijs/langs": ["@shikijs/langs@3.9.2", "", { "dependencies": { "@shikijs/types": "3.9.2" } }, "sha512-X1Q6wRRQXY7HqAuX3I8WjMscjeGjqXCg/Sve7J2GWFORXkSrXud23UECqTBIdCSNKJioFtmUGJQNKtlMMZMn0w=="],

    "@shikijs/themes": ["@shikijs/themes@3.9.2", "", { "dependencies": { "@shikijs/types": "3.9.2" } }, "sha512-6z5lBPBMRfLyyEsgf6uJDHPa6NAGVzFJqH4EAZ+03+7sedYir2yJBRu2uPZOKmj43GyhVHWHvyduLDAwJQfDjA=="],

    "@shikijs/transformers": ["@shikijs/transformers@3.9.2", "", { "dependencies": { "@shikijs/core": "3.9.2", "@shikijs/types": "3.9.2" } }, "sha512-MW5hT4TyUp6bNAgTExRYLk1NNasVQMTCw1kgbxHcEC0O5cbepPWaB+1k+JzW9r3SP2/R8kiens8/3E6hGKfgsA=="],

    "@shikijs/types": ["@shikijs/types@3.9.2", "", { "dependencies": { "@shikijs/vscode-textmate": "^10.0.2", "@types/hast": "^3.0.4" } }, "sha512-/M5L0Uc2ljyn2jKvj4Yiah7ow/W+DJSglVafvWAJ/b8AZDeeRAdMu3c2riDzB7N42VD+jSnWxeP9AKtd4TfYVw=="],

    "@shikijs/vscode-textmate": ["@shikijs/vscode-textmate@10.0.2", "", {}, "sha512-83yeghZ2xxin3Nj8z1NMd/NCuca+gsYXswywDy5bHvwlWL8tpTQmzGeUuHd9FC3E/SBEMvzJRwWEOz5gGes9Qg=="],

    "@tybys/wasm-util": ["@tybys/wasm-util@0.10.0", "", { "dependencies": { "tslib": "^2.4.0" } }, "sha512-VyyPYFlOMNylG45GoAe0xDoLwWuowvf92F9kySqzYh8vmYm7D2u4iUJKa1tOUpS70Ku13ASrOkS4ScXFsTaCNQ=="],

    "@types/hast": ["@types/hast@3.0.4", "", { "dependencies": { "@types/unist": "*" } }, "sha512-WPs+bbQw5aCj+x6laNGWLH3wviHtoCv/P3+otBhbOhJgG8qtpdAMlTCxLtsTWA7LH1Oh/bFCHsBn0TPS5m30EQ=="],

    "@types/linkify-it": ["@types/linkify-it@5.0.0", "", {}, "sha512-sVDA58zAw4eWAffKOaQH5/5j3XeayukzDk+ewSsnv3p4yJEZHCCzMDiZM8e0OUrRvmpGZ85jf4yDHkHsgBNr9Q=="],

    "@types/markdown-it": ["@types/markdown-it@14.1.2", "", { "dependencies": { "@types/linkify-it": "^5", "@types/mdurl": "^2" } }, "sha512-promo4eFwuiW+TfGxhi+0x3czqTYJkG8qB17ZUJiVF10Xm7NLVRSLUsfRTU/6h1e24VvRnXCx+hG7li58lkzog=="],

    "@types/mdast": ["@types/mdast@4.0.4", "", { "dependencies": { "@types/unist": "*" } }, "sha512-kGaNbPh1k7AFzgpud/gMdvIm5xuECykRR+JnWKQno9TAXVa6WIVCGTPvYGekIDL4uwCZQSYbUxNBSb1aUo79oA=="],

    "@types/mdurl": ["@types/mdurl@2.0.0", "", {}, "sha512-RGdgjQUZba5p6QEFAVx2OGb8rQDL/cPRG7GiedRzMcJ1tYnUANBncjbSB1NRGwbvjcPeikRABz2nshyPk1bhWg=="],

    "@types/unist": ["@types/unist@3.0.3", "", {}, "sha512-ko/gIFJRv177XgZsZcBwnqJN5x/Gien8qNOn0D5bQU/zAzVf9Zt3BlcUiLqhV9y4ARk0GbT3tnUiPNgnTXzc/Q=="],

    "@types/web-bluetooth": ["@types/web-bluetooth@0.0.21", "", {}, "sha512-oIQLCGWtcFZy2JW77j9k8nHzAOpqMHLQejDA48XXMWH6tjCQHz5RCFz1bzsmROyL6PUm+LLnUiI4BCn221inxA=="],

    "@ungap/structured-clone": ["@ungap/structured-clone@1.3.0", "", {}, "sha512-WmoN8qaIAo7WTYWbAZuG8PYEhn5fkz7dZrqTBZ7dtt//lL2Gwms1IcnQ5yHqjDfX8Ft5j4YzDM23f87zBfDe9g=="],

    "@vitejs/plugin-vue": ["@vitejs/plugin-vue@6.0.1", "", { "dependencies": { "@rolldown/pluginutils": "1.0.0-beta.29" }, "peerDependencies": { "vite": "^5.0.0 || ^6.0.0 || ^7.0.0", "vue": "^3.2.25" } }, "sha512-+MaE752hU0wfPFJEUAIxqw18+20euHHdxVtMvbFcOEpjEyfqXH/5DCoTHiVJ0J29EhTJdoTkjEv5YBKU9dnoTw=="],

    "@vue/compiler-core": ["@vue/compiler-core@3.5.18", "", { "dependencies": { "@babel/parser": "^7.28.0", "@vue/shared": "3.5.18", "entities": "^4.5.0", "estree-walker": "^2.0.2", "source-map-js": "^1.2.1" } }, "sha512-3slwjQrrV1TO8MoXgy3aynDQ7lslj5UqDxuHnrzHtpON5CBinhWjJETciPngpin/T3OuW3tXUf86tEurusnztw=="],

    "@vue/compiler-dom": ["@vue/compiler-dom@3.5.18", "", { "dependencies": { "@vue/compiler-core": "3.5.18", "@vue/shared": "3.5.18" } }, "sha512-RMbU6NTU70++B1JyVJbNbeFkK+A+Q7y9XKE2EM4NLGm2WFR8x9MbAtWxPPLdm0wUkuZv9trpwfSlL6tjdIa1+A=="],

    "@vue/compiler-sfc": ["@vue/compiler-sfc@3.5.18", "", { "dependencies": { "@babel/parser": "^7.28.0", "@vue/compiler-core": "3.5.18", "@vue/compiler-dom": "3.5.18", "@vue/compiler-ssr": "3.5.18", "@vue/shared": "3.5.18", "estree-walker": "^2.0.2", "magic-string": "^0.30.17", "postcss": "^8.5.6", "source-map-js": "^1.2.1" } }, "sha512-5aBjvGqsWs+MoxswZPoTB9nSDb3dhd1x30xrrltKujlCxo48j8HGDNj3QPhF4VIS0VQDUrA1xUfp2hEa+FNyXA=="],

    "@vue/compiler-ssr": ["@vue/compiler-ssr@3.5.18", "", { "dependencies": { "@vue/compiler-dom": "3.5.18", "@vue/shared": "3.5.18" } }, "sha512-xM16Ak7rSWHkM3m22NlmcdIM+K4BMyFARAfV9hYFl+SFuRzrZ3uGMNW05kA5pmeMa0X9X963Kgou7ufdbpOP9g=="],

    "@vue/devtools-api": ["@vue/devtools-api@8.0.0", "", { "dependencies": { "@vue/devtools-kit": "^8.0.0" } }, "sha512-I2jF/knesMU36zTw1hnExjoixDZvDoantiWKVrHpLd2J160zqqe8vp3vrGfjWdfuHmPJwSXe/YNG3rYOYiwy1Q=="],

    "@vue/devtools-kit": ["@vue/devtools-kit@8.0.0", "", { "dependencies": { "@vue/devtools-shared": "^8.0.0", "birpc": "^2.5.0", "hookable": "^5.5.3", "mitt": "^3.0.1", "perfect-debounce": "^1.0.0", "speakingurl": "^14.0.1", "superjson": "^2.2.2" } }, "sha512-b11OeQODkE0bctdT0RhL684pEV2DPXJ80bjpywVCbFn1PxuL3bmMPDoJKjbMnnoWbrnUYXYzFfmMWBZAMhORkQ=="],

    "@vue/devtools-shared": ["@vue/devtools-shared@8.0.0", "", { "dependencies": { "rfdc": "^1.4.1" } }, "sha512-jrKnbjshQCiOAJanoeJjTU7WaCg0Dz2BUal6SaR6VM/P3hiFdX5Q6Pxl73ZMnrhCxNK9nAg5hvvRGqs+6dtU1g=="],

    "@vue/reactivity": ["@vue/reactivity@3.5.18", "", { "dependencies": { "@vue/shared": "3.5.18" } }, "sha512-x0vPO5Imw+3sChLM5Y+B6G1zPjwdOri9e8V21NnTnlEvkxatHEH5B5KEAJcjuzQ7BsjGrKtfzuQ5eQwXh8HXBg=="],

    "@vue/runtime-core": ["@vue/runtime-core@3.5.18", "", { "dependencies": { "@vue/reactivity": "3.5.18", "@vue/shared": "3.5.18" } }, "sha512-DUpHa1HpeOQEt6+3nheUfqVXRog2kivkXHUhoqJiKR33SO4x+a5uNOMkV487WPerQkL0vUuRvq/7JhRgLW3S+w=="],

    "@vue/runtime-dom": ["@vue/runtime-dom@3.5.18", "", { "dependencies": { "@vue/reactivity": "3.5.18", "@vue/runtime-core": "3.5.18", "@vue/shared": "3.5.18", "csstype": "^3.1.3" } }, "sha512-YwDj71iV05j4RnzZnZtGaXwPoUWeRsqinblgVJwR8XTXYZ9D5PbahHQgsbmzUvCWNF6x7siQ89HgnX5eWkr3mw=="],

    "@vue/server-renderer": ["@vue/server-renderer@3.5.18", "", { "dependencies": { "@vue/compiler-ssr": "3.5.18", "@vue/shared": "3.5.18" }, "peerDependencies": { "vue": "3.5.18" } }, "sha512-PvIHLUoWgSbDG7zLHqSqaCoZvHi6NNmfVFOqO+OnwvqMz/tqQr3FuGWS8ufluNddk7ZLBJYMrjcw1c6XzR12mA=="],

    "@vue/shared": ["@vue/shared@3.5.18", "", {}, "sha512-cZy8Dq+uuIXbxCZpuLd2GJdeSO/lIzIspC2WtkqIpje5QyFbvLaI5wZtdUjLHjGZrlVX6GilejatWwVYYRc8tA=="],

    "@vueuse/core": ["@vueuse/core@13.6.0", "", { "dependencies": { "@types/web-bluetooth": "^0.0.21", "@vueuse/metadata": "13.6.0", "@vueuse/shared": "13.6.0" }, "peerDependencies": { "vue": "^3.5.0" } }, "sha512-DJbD5fV86muVmBgS9QQPddVX7d9hWYswzlf4bIyUD2dj8GC46R1uNClZhVAmsdVts4xb2jwp1PbpuiA50Qee1A=="],

    "@vueuse/integrations": ["@vueuse/integrations@13.6.0", "", { "dependencies": { "@vueuse/core": "13.6.0", "@vueuse/shared": "13.6.0" }, "peerDependencies": { "async-validator": "^4", "axios": "^1", "change-case": "^5", "drauu": "^0.4", "focus-trap": "^7", "fuse.js": "^7", "idb-keyval": "^6", "jwt-decode": "^4", "nprogress": "^0.2", "qrcode": "^1.5", "sortablejs": "^1", "universal-cookie": "^7 || ^8", "vue": "^3.5.0" }, "optionalPeers": ["async-validator", "axios", "change-case", "drauu", "focus-trap", "fuse.js", "idb-keyval", "jwt-decode", "nprogress", "qrcode", "sortablejs", "universal-cookie"] }, "sha512-dVFdgwYvkYjdizRL3ESdUW+Hg84i9Yhuzs+Ec3kEcuzJmT5xhiL/IGdw4z394qSBngUQvFi+wbHwhHX3EGbAxQ=="],

    "@vueuse/metadata": ["@vueuse/metadata@13.6.0", "", {}, "sha512-rnIH7JvU7NjrpexTsl2Iwv0V0yAx9cw7+clymjKuLSXG0QMcLD0LDgdNmXic+qL0SGvgSVPEpM9IDO/wqo1vkQ=="],

    "@vueuse/shared": ["@vueuse/shared@13.6.0", "", { "peerDependencies": { "vue": "^3.5.0" } }, "sha512-pDykCSoS2T3fsQrYqf9SyF0QXWHmcGPQ+qiOVjlYSzlWd9dgppB2bFSM1GgKKkt7uzn0BBMV3IbJsUfHG2+BCg=="],

    "ansis": ["ansis@4.1.0", "", {}, "sha512-BGcItUBWSMRgOCe+SVZJ+S7yTRG0eGt9cXAHev72yuGcY23hnLA7Bky5L/xLyPINoSN95geovfBkqoTlNZYa7w=="],

    "birpc": ["birpc@2.5.0", "", {}, "sha512-VSWO/W6nNQdyP520F1mhf+Lc2f8pjGQOtoHHm7Ze8Go1kX7akpVIrtTa0fn+HB0QJEDVacl6aO08YE0PgXfdnQ=="],

    "ccount": ["ccount@2.0.1", "", {}, "sha512-eyrF0jiFpY+3drT6383f1qhkbGsLSifNAjA61IUjZjmLCWjItY6LB9ft9YhoDgwfmclB2zhu51Lc7+95b8NRAg=="],

    "character-entities-html4": ["character-entities-html4@2.1.0", "", {}, "sha512-1v7fgQRj6hnSwFpq1Eu0ynr/CDEw0rXo2B61qXrLNdHZmPKgb7fqS1a2JwF0rISo9q77jDI8VMEHoApn8qDoZA=="],

    "character-entities-legacy": ["character-entities-legacy@3.0.0", "", {}, "sha512-RpPp0asT/6ufRm//AJVwpViZbGM/MkjQFxJccQRHmISF/22NBtsHqAWmL+/pmkPWoIUJdWyeVleTl1wydHATVQ=="],

    "comma-separated-tokens": ["comma-separated-tokens@2.0.3", "", {}, "sha512-Fu4hJdvzeylCfQPp9SGWidpzrMs7tTrlu6Vb8XGaRGck8QSNZJJp538Wrb60Lax4fPwR64ViY468OIUTbRlGZg=="],

    "copy-anything": ["copy-anything@3.0.5", "", { "dependencies": { "is-what": "^4.1.8" } }, "sha512-yCEafptTtb4bk7GLEQoM8KVJpxAfdBJYaXyzQEgQQQgYrZiDp8SJmGKlYza6CYjEDNstAdNdKA3UuoULlEbS6w=="],

    "csstype": ["csstype@3.1.3", "", {}, "sha512-M1uQkMl8rQK/szD0LNhtqxIPLpimGm8sOBwU7lLnCpSbTyY3yeU1Vc7l4KT5zT4s/yOxHH5O7tIuuLOCnLADRw=="],

    "dequal": ["dequal@2.0.3", "", {}, "sha512-0je+qPKHEMohvfRTCEo3CrPG6cAzAYgmzKyxRiYSSDkS6eGJdyVJm7WaYA5ECaAD9wLB2T4EEeymA5aFVcYXCA=="],

    "detect-libc": ["detect-libc@2.0.4", "", {}, "sha512-3UDv+G9CsCKO1WKMGw9fwq/SWJYbI0c5Y7LU1AXYoDdbhE2AHQ6N6Nb34sG8Fj7T5APy8qXDCKuuIHd1BR0tVA=="],

    "devlop": ["devlop@1.1.0", "", { "dependencies": { "dequal": "^2.0.0" } }, "sha512-RWmIqhcFf1lRYBvNmr7qTNuyCt/7/ns2jbpp1+PalgE/rDQcBT0fioSMUpJ93irlUhC5hrg4cYqe6U+0ImW0rA=="],

    "entities": ["entities@4.5.0", "", {}, "sha512-V0hjH4dGPh9Ao5p0MoRY6BVqtwCjhz6vI5LT8AJ55H+4g9/4vbHx1I54fS0XuclLhDHArPQCiMjDxjaL8fPxhw=="],

    "estree-walker": ["estree-walker@2.0.2", "", {}, "sha512-Rfkk/Mp/DL7JVje3u18FxFujQlTNR2q6QfMSMB7AvCBx91NGj/ba3kCfza0f6dVDbw7YlRf/nDrn7pQrCCyQ/w=="],

    "fdir": ["fdir@6.4.6", "", { "peerDependencies": { "picomatch": "^3 || ^4" } }, "sha512-hiFoqpyZcfNm1yc4u8oWCf9A2c4D3QjCrks3zmoVKVxpQRzmPNar1hUJcBG2RQHvEVGDN+Jm81ZheVLAQMK6+w=="],

    "focus-trap": ["focus-trap@7.6.5", "", { "dependencies": { "tabbable": "^6.2.0" } }, "sha512-7Ke1jyybbbPZyZXFxEftUtxFGLMpE2n6A+z//m4CRDlj0hW+o3iYSmh8nFlYMurOiJVDmJRilUQtJr08KfIxlg=="],

    "fsevents": ["fsevents@2.3.3", "", { "os": "darwin" }, "sha512-5xoDfX+fL7faATnagmWPpbFtwh/R77WmMMqqHGS65C3vvB0YHrgF+B1YmZ3441tMj5n63k0212XNoJwzlhffQw=="],

    "hast-util-to-html": ["hast-util-to-html@9.0.5", "", { "dependencies": { "@types/hast": "^3.0.0", "@types/unist": "^3.0.0", "ccount": "^2.0.0", "comma-separated-tokens": "^2.0.0", "hast-util-whitespace": "^3.0.0", "html-void-elements": "^3.0.0", "mdast-util-to-hast": "^13.0.0", "property-information": "^7.0.0", "space-separated-tokens": "^2.0.0", "stringify-entities": "^4.0.0", "zwitch": "^2.0.4" } }, "sha512-OguPdidb+fbHQSU4Q4ZiLKnzWo8Wwsf5bZfbvu7//a9oTYoqD/fWpe96NuHkoS9h0ccGOTe0C4NGXdtS0iObOw=="],

    "hast-util-whitespace": ["hast-util-whitespace@3.0.0", "", { "dependencies": { "@types/hast": "^3.0.0" } }, "sha512-88JUN06ipLwsnv+dVn+OIYOvAuvBMy/Qoi6O7mQHxdPXpjy+Cd6xRkWwux7DKO+4sYILtLBRIKgsdpS2gQc7qw=="],

    "hookable": ["hookable@5.5.3", "", {}, "sha512-Yc+BQe8SvoXH1643Qez1zqLRmbA5rCL+sSmk6TVos0LWVfNIB7PGncdlId77WzLGSIB5KaWgTaNTs2lNVEI6VQ=="],

    "html-void-elements": ["html-void-elements@3.0.0", "", {}, "sha512-bEqo66MRXsUGxWHV5IP0PUiAWwoEjba4VCzg0LjFJBpchPaTfyfCKTG6bc5F8ucKec3q5y6qOdGyYTSBEvhCrg=="],

    "is-what": ["is-what@4.1.16", "", {}, "sha512-ZhMwEosbFJkA0YhFnNDgTM4ZxDRsS6HqTo7qsZM08fehyRYIYa0yHu5R6mgo1n/8MgaPBXiPimPD77baVFYg+A=="],

    "lightningcss": ["lightningcss@1.30.1", "", { "dependencies": { "detect-libc": "^2.0.3" }, "optionalDependencies": { "lightningcss-darwin-arm64": "1.30.1", "lightningcss-darwin-x64": "1.30.1", "lightningcss-freebsd-x64": "1.30.1", "lightningcss-linux-arm-gnueabihf": "1.30.1", "lightningcss-linux-arm64-gnu": "1.30.1", "lightningcss-linux-arm64-musl": "1.30.1", "lightningcss-linux-x64-gnu": "1.30.1", "lightningcss-linux-x64-musl": "1.30.1", "lightningcss-win32-arm64-msvc": "1.30.1", "lightningcss-win32-x64-msvc": "1.30.1" } }, "sha512-xi6IyHML+c9+Q3W0S4fCQJOym42pyurFiJUHEcEyHS0CeKzia4yZDEsLlqOFykxOdHpNy0NmvVO31vcSqAxJCg=="],

    "lightningcss-darwin-arm64": ["lightningcss-darwin-arm64@1.30.1", "", { "os": "darwin", "cpu": "arm64" }, "sha512-c8JK7hyE65X1MHMN+Viq9n11RRC7hgin3HhYKhrMyaXflk5GVplZ60IxyoVtzILeKr+xAJwg6zK6sjTBJ0FKYQ=="],

    "lightningcss-darwin-x64": ["lightningcss-darwin-x64@1.30.1", "", { "os": "darwin", "cpu": "x64" }, "sha512-k1EvjakfumAQoTfcXUcHQZhSpLlkAuEkdMBsI/ivWw9hL+7FtilQc0Cy3hrx0AAQrVtQAbMI7YjCgYgvn37PzA=="],

    "lightningcss-freebsd-x64": ["lightningcss-freebsd-x64@1.30.1", "", { "os": "freebsd", "cpu": "x64" }, "sha512-kmW6UGCGg2PcyUE59K5r0kWfKPAVy4SltVeut+umLCFoJ53RdCUWxcRDzO1eTaxf/7Q2H7LTquFHPL5R+Gjyig=="],

    "lightningcss-linux-arm-gnueabihf": ["lightningcss-linux-arm-gnueabihf@1.30.1", "", { "os": "linux", "cpu": "arm" }, "sha512-MjxUShl1v8pit+6D/zSPq9S9dQ2NPFSQwGvxBCYaBYLPlCWuPh9/t1MRS8iUaR8i+a6w7aps+B4N0S1TYP/R+Q=="],

    "lightningcss-linux-arm64-gnu": ["lightningcss-linux-arm64-gnu@1.30.1", "", { "os": "linux", "cpu": "arm64" }, "sha512-gB72maP8rmrKsnKYy8XUuXi/4OctJiuQjcuqWNlJQ6jZiWqtPvqFziskH3hnajfvKB27ynbVCucKSm2rkQp4Bw=="],

    "lightningcss-linux-arm64-musl": ["lightningcss-linux-arm64-musl@1.30.1", "", { "os": "linux", "cpu": "arm64" }, "sha512-jmUQVx4331m6LIX+0wUhBbmMX7TCfjF5FoOH6SD1CttzuYlGNVpA7QnrmLxrsub43ClTINfGSYyHe2HWeLl5CQ=="],

    "lightningcss-linux-x64-gnu": ["lightningcss-linux-x64-gnu@1.30.1", "", { "os": "linux", "cpu": "x64" }, "sha512-piWx3z4wN8J8z3+O5kO74+yr6ze/dKmPnI7vLqfSqI8bccaTGY5xiSGVIJBDd5K5BHlvVLpUB3S2YCfelyJ1bw=="],

    "lightningcss-linux-x64-musl": ["lightningcss-linux-x64-musl@1.30.1", "", { "os": "linux", "cpu": "x64" }, "sha512-rRomAK7eIkL+tHY0YPxbc5Dra2gXlI63HL+v1Pdi1a3sC+tJTcFrHX+E86sulgAXeI7rSzDYhPSeHHjqFhqfeQ=="],

    "lightningcss-win32-arm64-msvc": ["lightningcss-win32-arm64-msvc@1.30.1", "", { "os": "win32", "cpu": "arm64" }, "sha512-mSL4rqPi4iXq5YVqzSsJgMVFENoa4nGTT/GjO2c0Yl9OuQfPsIfncvLrEW6RbbB24WtZ3xP/2CCmI3tNkNV4oA=="],

    "lightningcss-win32-x64-msvc": ["lightningcss-win32-x64-msvc@1.30.1", "", { "os": "win32", "cpu": "x64" }, "sha512-PVqXh48wh4T53F/1CCu8PIPCxLzWyCnn/9T5W1Jpmdy5h9Cwd+0YQS6/LwhHXSafuc61/xg9Lv5OrCby6a++jg=="],

    "magic-string": ["magic-string@0.30.17", "", { "dependencies": { "@jridgewell/sourcemap-codec": "^1.5.0" } }, "sha512-sNPKHvyjVf7gyjwS4xGTaW/mCnF8wnjtifKBEhxfZ7E/S8tQ0rssrwGNn6q8JH/ohItJfSQp9mBtQYuTlH5QnA=="],

    "mark.js": ["mark.js@8.11.1", "", {}, "sha512-1I+1qpDt4idfgLQG+BNWmrqku+7/2bi5nLf4YwF8y8zXvmfiTBY3PV3ZibfrjBueCByROpuBjLLFCajqkgYoLQ=="],

    "mdast-util-to-hast": ["mdast-util-to-hast@13.2.0", "", { "dependencies": { "@types/hast": "^3.0.0", "@types/mdast": "^4.0.0", "@ungap/structured-clone": "^1.0.0", "devlop": "^1.0.0", "micromark-util-sanitize-uri": "^2.0.0", "trim-lines": "^3.0.0", "unist-util-position": "^5.0.0", "unist-util-visit": "^5.0.0", "vfile": "^6.0.0" } }, "sha512-QGYKEuUsYT9ykKBCMOEDLsU5JRObWQusAolFMeko/tYPufNkRffBAQjIE+99jbA87xv6FgmjLtwjh9wBWajwAA=="],

    "medium-zoom": ["medium-zoom@1.1.0", "", {}, "sha512-ewyDsp7k4InCUp3jRmwHBRFGyjBimKps/AJLjRSox+2q/2H4p/PNpQf+pwONWlJiOudkBXtbdmVbFjqyybfTmQ=="],

    "micromark-util-character": ["micromark-util-character@2.1.1", "", { "dependencies": { "micromark-util-symbol": "^2.0.0", "micromark-util-types": "^2.0.0" } }, "sha512-wv8tdUTJ3thSFFFJKtpYKOYiGP2+v96Hvk4Tu8KpCAsTMs6yi+nVmGh1syvSCsaxz45J6Jbw+9DD6g97+NV67Q=="],

    "micromark-util-encode": ["micromark-util-encode@2.0.1", "", {}, "sha512-c3cVx2y4KqUnwopcO9b/SCdo2O67LwJJ/UyqGfbigahfegL9myoEFoDYZgkT7f36T0bLrM9hZTAaAyH+PCAXjw=="],

    "micromark-util-sanitize-uri": ["micromark-util-sanitize-uri@2.0.1", "", { "dependencies": { "micromark-util-character": "^2.0.0", "micromark-util-encode": "^2.0.0", "micromark-util-symbol": "^2.0.0" } }, "sha512-9N9IomZ/YuGGZZmQec1MbgxtlgougxTodVwDzzEouPKo3qFWvymFHWcnDi2vzV1ff6kas9ucW+o3yzJK9YB1AQ=="],

    "micromark-util-symbol": ["micromark-util-symbol@2.0.1", "", {}, "sha512-vs5t8Apaud9N28kgCrRUdEed4UJ+wWNvicHLPxCa9ENlYuAY31M0ETy5y1vA33YoNPDFTghEbnh6efaE8h4x0Q=="],

    "micromark-util-types": ["micromark-util-types@2.0.2", "", {}, "sha512-Yw0ECSpJoViF1qTU4DC6NwtC4aWGt1EkzaQB8KPPyCRR8z9TWeV0HbEFGTO+ZY1wB22zmxnJqhPyTpOVCpeHTA=="],

    "minisearch": ["minisearch@7.1.2", "", {}, "sha512-R1Pd9eF+MD5JYDDSPAp/q1ougKglm14uEkPMvQ/05RGmx6G9wvmLTrTI/Q5iPNJLYqNdsDQ7qTGIcNWR+FrHmA=="],

    "mitt": ["mitt@3.0.1", "", {}, "sha512-vKivATfr97l2/QBCYAkXYDbrIWPM2IIKEl7YPhjCvKlG3kE2gm+uBo6nEXK3M5/Ffh/FLpKExzOQ3JJoJGFKBw=="],

    "nanoid": ["nanoid@3.3.11", "", { "bin": "bin/nanoid.cjs" }, "sha512-N8SpfPUnUp1bK+PMYW8qSWdl9U+wwNWI4QKxOYDy9JAro3WMX7p2OeVRF9v+347pnakNevPmiHhNmZ2HbFA76w=="],

    "oniguruma-parser": ["oniguruma-parser@0.12.1", "", {}, "sha512-8Unqkvk1RYc6yq2WBYRj4hdnsAxVze8i7iPfQr8e4uSP3tRv0rpZcbGUDvxfQQcdwHt/e9PrMvGCsa8OqG9X3w=="],

    "oniguruma-to-es": ["oniguruma-to-es@4.3.3", "", { "dependencies": { "oniguruma-parser": "^0.12.1", "regex": "^6.0.1", "regex-recursion": "^6.0.2" } }, "sha512-rPiZhzC3wXwE59YQMRDodUwwT9FZ9nNBwQQfsd1wfdtlKEyCdRV0avrTcSZ5xlIvGRVPd/cx6ZN45ECmS39xvg=="],

    "oxc-minify": ["oxc-minify@0.75.1", "", { "optionalDependencies": { "@oxc-minify/binding-android-arm64": "0.75.1", "@oxc-minify/binding-darwin-arm64": "0.75.1", "@oxc-minify/binding-darwin-x64": "0.75.1", "@oxc-minify/binding-freebsd-x64": "0.75.1", "@oxc-minify/binding-linux-arm-gnueabihf": "0.75.1", "@oxc-minify/binding-linux-arm-musleabihf": "0.75.1", "@oxc-minify/binding-linux-arm64-gnu": "0.75.1", "@oxc-minify/binding-linux-arm64-musl": "0.75.1", "@oxc-minify/binding-linux-riscv64-gnu": "0.75.1", "@oxc-minify/binding-linux-s390x-gnu": "0.75.1", "@oxc-minify/binding-linux-x64-gnu": "0.75.1", "@oxc-minify/binding-linux-x64-musl": "0.75.1", "@oxc-minify/binding-wasm32-wasi": "0.75.1", "@oxc-minify/binding-win32-arm64-msvc": "0.75.1", "@oxc-minify/binding-win32-x64-msvc": "0.75.1" } }, "sha512-7b1/KU8DszLB4yjKpLhWeXtbkscJ14qi9Fz3tl+a5WbYWB3EJSGiuyg9mrTCQYzwyXk68Mf1q9VY7mtRtc/GUg=="],

    "perfect-debounce": ["perfect-debounce@1.0.0", "", {}, "sha512-xCy9V055GLEqoFaHoC1SoLIaLmWctgCUaBaWxDZ7/Zx4CTyX7cJQLJOok/orfjZAh9kEYpjJa4d0KcJmCbctZA=="],

    "photoswipe": ["photoswipe@5.4.4", "", {}, "sha512-WNFHoKrkZNnvFFhbHL93WDkW3ifwVOXSW3w1UuZZelSmgXpIGiZSNlZJq37rR8YejqME2rHs9EhH9ZvlvFH2NA=="],

    "picocolors": ["picocolors@1.1.1", "", {}, "sha512-xceH2snhtb5M9liqDsmEw56le376mTZkEX/jEb/RxNFyegNul7eNslCXP9FDj/Lcu0X8KEyMceP2ntpaHrDEVA=="],

    "picomatch": ["picomatch@4.0.3", "", {}, "sha512-5gTmgEY/sqK6gFXLIsQNH19lWb4ebPDLA4SdLP7dsWkIXHWlG66oPuVvXSGFPppYZz8ZDZq0dYYrbHfBCVUb1Q=="],

    "postcss": ["postcss@8.5.6", "", { "dependencies": { "nanoid": "^3.3.11", "picocolors": "^1.1.1", "source-map-js": "^1.2.1" } }, "sha512-3Ybi1tAuwAP9s0r1UQ2J4n5Y0G05bJkpUIO0/bI9MhwmD70S5aTWbXGBwxHrelT+XM1k6dM0pk+SwNkpTRN7Pg=="],

    "property-information": ["property-information@7.1.0", "", {}, "sha512-TwEZ+X+yCJmYfL7TPUOcvBZ4QfoT5YenQiJuX//0th53DE6w0xxLEtfK3iyryQFddXuvkIk51EEgrJQ0WJkOmQ=="],

    "regex": ["regex@6.0.1", "", { "dependencies": { "regex-utilities": "^2.3.0" } }, "sha512-uorlqlzAKjKQZ5P+kTJr3eeJGSVroLKoHmquUj4zHWuR+hEyNqlXsSKlYYF5F4NI6nl7tWCs0apKJ0lmfsXAPA=="],

    "regex-recursion": ["regex-recursion@6.0.2", "", { "dependencies": { "regex-utilities": "^2.3.0" } }, "sha512-0YCaSCq2VRIebiaUviZNs0cBz1kg5kVS2UKUfNIx8YVs1cN3AV7NTctO5FOKBA+UT2BPJIWZauYHPqJODG50cg=="],

    "regex-utilities": ["regex-utilities@2.3.0", "", {}, "sha512-8VhliFJAWRaUiVvREIiW2NXXTmHs4vMNnSzuJVhscgmGav3g9VDxLrQndI3dZZVVdp0ZO/5v0xmX516/7M9cng=="],

    "rfdc": ["rfdc@1.4.1", "", {}, "sha512-q1b3N5QkRUWUl7iyylaaj3kOpIT0N2i9MqIEQXP73GVsN9cw3fdx8X63cEmWhJGi2PPCF23Ijp7ktmd39rawIA=="],

    "rolldown": ["rolldown@1.0.0-beta.32", "", { "dependencies": { "@oxc-project/runtime": "=0.81.0", "@oxc-project/types": "=0.81.0", "@rolldown/pluginutils": "1.0.0-beta.32", "ansis": "^4.0.0" }, "optionalDependencies": { "@rolldown/binding-android-arm64": "1.0.0-beta.32", "@rolldown/binding-darwin-arm64": "1.0.0-beta.32", "@rolldown/binding-darwin-x64": "1.0.0-beta.32", "@rolldown/binding-freebsd-x64": "1.0.0-beta.32", "@rolldown/binding-linux-arm-gnueabihf": "1.0.0-beta.32", "@rolldown/binding-linux-arm64-gnu": "1.0.0-beta.32", "@rolldown/binding-linux-arm64-musl": "1.0.0-beta.32", "@rolldown/binding-linux-x64-gnu": "1.0.0-beta.32", "@rolldown/binding-linux-x64-musl": "1.0.0-beta.32", "@rolldown/binding-openharmony-arm64": "1.0.0-beta.32", "@rolldown/binding-wasm32-wasi": "1.0.0-beta.32", "@rolldown/binding-win32-arm64-msvc": "1.0.0-beta.32", "@rolldown/binding-win32-ia32-msvc": "1.0.0-beta.32", "@rolldown/binding-win32-x64-msvc": "1.0.0-beta.32" }, "bin": { "rolldown": "bin/cli.mjs" } }, "sha512-vxI2sPN07MMaoYKlFrVva5qZ1Y7DAZkgp7MQwTnyHt4FUMz9Sh+YeCzNFV9JYHI6ZNwoGWLCfCViE3XVsRC1cg=="],

    "shiki": ["shiki@3.9.2", "", { "dependencies": { "@shikijs/core": "3.9.2", "@shikijs/engine-javascript": "3.9.2", "@shikijs/engine-oniguruma": "3.9.2", "@shikijs/langs": "3.9.2", "@shikijs/themes": "3.9.2", "@shikijs/types": "3.9.2", "@shikijs/vscode-textmate": "^10.0.2", "@types/hast": "^3.0.4" } }, "sha512-t6NKl5e/zGTvw/IyftLcumolgOczhuroqwXngDeMqJ3h3EQiTY/7wmfgPlsmloD8oYfqkEDqxiaH37Pjm1zUhQ=="],

    "source-map-js": ["source-map-js@1.2.1", "", {}, "sha512-UXWMKhLOwVKb728IUtQPXxfYU+usdybtUrK/8uGE8CQMvrhOpwvzDBwj0QhSL7MQc7vIsISBG8VQ8+IDQxpfQA=="],

    "space-separated-tokens": ["space-separated-tokens@2.0.2", "", {}, "sha512-PEGlAwrG8yXGXRjW32fGbg66JAlOAwbObuqVoJpv/mRgoWDQfgH1wDPvtzWyUSNAXBGSk8h755YDbbcEy3SH2Q=="],

    "speakingurl": ["speakingurl@14.0.1", "", {}, "sha512-1POYv7uv2gXoyGFpBCmpDVSNV74IfsWlDW216UPjbWufNf+bSU6GdbDsxdcxtfwb4xlI3yxzOTKClUosxARYrQ=="],

    "stringify-entities": ["stringify-entities@4.0.4", "", { "dependencies": { "character-entities-html4": "^2.0.0", "character-entities-legacy": "^3.0.0" } }, "sha512-IwfBptatlO+QCJUo19AqvrPNqlVMpW9YEL2LIVY+Rpv2qsjCGxaDLNRgeGsQWJhfItebuJhsGSLjaBbNSQ+ieg=="],

    "superjson": ["superjson@2.2.2", "", { "dependencies": { "copy-anything": "^3.0.2" } }, "sha512-5JRxVqC8I8NuOUjzBbvVJAKNM8qoVuH0O77h4WInc/qC2q5IreqKxYwgkga3PfA22OayK2ikceb/B26dztPl+Q=="],

    "tabbable": ["tabbable@6.2.0", "", {}, "sha512-Cat63mxsVJlzYvN51JmVXIgNoUokrIaT2zLclCXjRd8boZ0004U4KCs/sToJ75C6sdlByWxpYnb5Boif1VSFew=="],

    "tinyglobby": ["tinyglobby@0.2.14", "", { "dependencies": { "fdir": "^6.4.4", "picomatch": "^4.0.2" } }, "sha512-tX5e7OM1HnYr2+a2C/4V0htOcSQcoSTH9KgJnVvNm5zm/cyEWKJ7j7YutsH9CxMdtOkkLFy2AHrMci9IM8IPZQ=="],

    "trim-lines": ["trim-lines@3.0.1", "", {}, "sha512-kRj8B+YHZCc9kQYdWfJB2/oUl9rA99qbowYYBtr4ui4mZyAQ2JpvVBd/6U2YloATfqBhBTSMhTpgBHtU0Mf3Rg=="],

    "tslib": ["tslib@2.8.1", "", {}, "sha512-oJFu94HQb+KVduSUQL7wnpmqnfmLsOA/nAh6b6EH0wCEoK0/mPeXU6c3wKDV83MkOuHPRHtSXKKU99IBazS/2w=="],

    "unist-util-is": ["unist-util-is@6.0.0", "", { "dependencies": { "@types/unist": "^3.0.0" } }, "sha512-2qCTHimwdxLfz+YzdGfkqNlH0tLi9xjTnHddPmJwtIG9MGsdbutfTc4P+haPD7l7Cjxf/WZj+we5qfVPvvxfYw=="],

    "unist-util-position": ["unist-util-position@5.0.0", "", { "dependencies": { "@types/unist": "^3.0.0" } }, "sha512-fucsC7HjXvkB5R3kTCO7kUjRdrS0BJt3M/FPxmHMBOm8JQi2BsHAHFsy27E0EolP8rp0NzXsJ+jNPyDWvOJZPA=="],

    "unist-util-stringify-position": ["unist-util-stringify-position@4.0.0", "", { "dependencies": { "@types/unist": "^3.0.0" } }, "sha512-0ASV06AAoKCDkS2+xw5RXJywruurpbC4JZSm7nr7MOt1ojAzvyyaO+UxZf18j8FCF6kmzCZKcAgN/yu2gm2XgQ=="],

    "unist-util-visit": ["unist-util-visit@5.0.0", "", { "dependencies": { "@types/unist": "^3.0.0", "unist-util-is": "^6.0.0", "unist-util-visit-parents": "^6.0.0" } }, "sha512-MR04uvD+07cwl/yhVuVWAtw+3GOR/knlL55Nd/wAdblk27GCVt3lqpTivy/tkJcZoNPzTwS1Y+KMojlLDhoTzg=="],

    "unist-util-visit-parents": ["unist-util-visit-parents@6.0.1", "", { "dependencies": { "@types/unist": "^3.0.0", "unist-util-is": "^6.0.0" } }, "sha512-L/PqWzfTP9lzzEa6CKs0k2nARxTdZduw3zyh8d2NVBnsyvHjSX4TWse388YrrQKbvI8w20fGjGlhgT96WwKykw=="],

    "vfile": ["vfile@6.0.3", "", { "dependencies": { "@types/unist": "^3.0.0", "vfile-message": "^4.0.0" } }, "sha512-KzIbH/9tXat2u30jf+smMwFCsno4wHVdNmzFyL+T/L3UGqqk6JKfVqOFOZEpZSHADH1k40ab6NUIXZq422ov3Q=="],

    "vfile-message": ["vfile-message@4.0.2", "", { "dependencies": { "@types/unist": "^3.0.0", "unist-util-stringify-position": "^4.0.0" } }, "sha512-jRDZ1IMLttGj41KcZvlrYAaI3CfqpLpfpf+Mfig13viT6NKvRzWZ+lXz0Y5D60w6uJIBAOGq9mSHf0gktF0duw=="],

    "vite": ["rolldown-vite@7.1.2", "", { "dependencies": { "fdir": "^6.4.6", "lightningcss": "^1.30.1", "picomatch": "^4.0.3", "postcss": "^8.5.6", "rolldown": "1.0.0-beta.32", "tinyglobby": "^0.2.14" }, "optionalDependencies": { "fsevents": "~2.3.3" }, "peerDependencies": { "@types/node": "^20.19.0 || >=22.12.0", "esbuild": "^0.25.0", "jiti": ">=1.21.0", "less": "^4.0.0", "sass": "^1.70.0", "sass-embedded": "^1.70.0", "stylus": ">=0.54.8", "sugarss": "^5.0.0", "terser": "^5.16.0", "tsx": "^4.8.1", "yaml": "^2.4.2" }, "optionalPeers": ["@types/node", "esbuild", "jiti", "less", "sass", "sass-embedded", "stylus", "sugarss", "terser", "tsx", "yaml"], "bin": { "vite": "bin/vite.js" } }, "sha512-9VwY/BOirnPDJ8HXiXTdVdLXTSQkNGDVgpuhfmMxAH7HxSBb71VaTyQh/FHPtMk2psAyglQXWheYKXV53N27/Q=="],

    "vitepress": ["vitepress@2.0.0-alpha.11", "", { "dependencies": { "@docsearch/css": "^4.0.0-beta.6", "@docsearch/js": "^4.0.0-beta.6", "@iconify-json/simple-icons": "^1.2.47", "@shikijs/core": "^3.9.2", "@shikijs/transformers": "^3.9.2", "@shikijs/types": "^3.9.2", "@types/markdown-it": "^14.1.2", "@vitejs/plugin-vue": "^6.0.1", "@vue/devtools-api": "^8.0.0", "@vue/shared": "^3.5.18", "@vueuse/core": "^13.6.0", "@vueuse/integrations": "^13.6.0", "focus-trap": "^7.6.5", "mark.js": "8.11.1", "minisearch": "^7.1.2", "shiki": "^3.9.2", "vite": "^7.1.1", "vue": "^3.5.18" }, "peerDependencies": { "markdown-it-mathjax3": "^4", "oxc-minify": "^0.81.0", "postcss": "^8" }, "optionalPeers": ["markdown-it-mathjax3", "oxc-minify", "postcss"], "bin": { "vitepress": "bin/vitepress.js" } }, "sha512-l3FFkGtcB3u3iMlpnvkCR+MdOYqNaz2z+xPRlgZZnx8Xne4XLgQR0yfEfTqY/UyloTymXwxvRvu443Yo9Cr8pA=="],

    "vitepress-plugin-lightbox": ["vitepress-plugin-lightbox@1.0.2", "", { "dependencies": { "medium-zoom": "^1.1.0", "photoswipe": "^5.4.4" } }, "sha512-CLgz6iWzhTH/Buk0y/SPRy0Ukh+X9QPD1HMAlpVcBPPpENlKwtxKUrAzqwxgh/vOz+6Q+Kw5nKfPH1yL78Rlag=="],

    "vue": ["vue@3.5.18", "", { "dependencies": { "@vue/compiler-dom": "3.5.18", "@vue/compiler-sfc": "3.5.18", "@vue/runtime-dom": "3.5.18", "@vue/server-renderer": "3.5.18", "@vue/shared": "3.5.18" }, "peerDependencies": { "typescript": "*" }, "optionalPeers": ["typescript"] }, "sha512-7W4Y4ZbMiQ3SEo+m9lnoNpV9xG7QVMLa+/0RFwwiAVkeYoyGXqWE85jabU4pllJNUzqfLShJ5YLptewhCWUgNA=="],

    "zwitch": ["zwitch@2.0.4", "", {}, "sha512-bXE4cR/kVZhKZX/RjPEflHaKVhUVl85noU3v6b8apfQEc1x4A+zBxjZ4lN8LqGd6WZ3dl98pY4o717VFmoPp+A=="],

    "@rolldown/binding-wasm32-wasi/@napi-rs/wasm-runtime": ["@napi-rs/wasm-runtime@1.0.3", "", { "dependencies": { "@emnapi/core": "^1.4.5", "@emnapi/runtime": "^1.4.5", "@tybys/wasm-util": "^0.10.0" } }, "sha512-rZxtMsLwjdXkMUGC3WwsPwLNVqVqnTJT6MNIB6e+5fhMcSCPP0AOsNWuMQ5mdCq6HNjs/ZeWAEchpqeprqBD2Q=="],

    "rolldown/@rolldown/pluginutils": ["@rolldown/pluginutils@1.0.0-beta.32", "", {}, "sha512-QReCdvxiUZAPkvp1xpAg62IeNzykOFA6syH2CnClif4YmALN1XKpB39XneL80008UbtMShthSVDKmrx05N1q/g=="],
  }
}
